
Microsoft Visual Studio Solution File, Format Version 12.00
# Visual Studio Version 16
VisualStudioVersion = 16.0.29209.152
MinimumVisualStudioVersion = 10.0.40219.1
Project("{9A19103F-16F7-4668-BE54-9A1E7A4F7556}") = "ByteBuffer", "ByteBuffer.csproj", "{B224F635-3354-489C-A1F7-A11FA49C9FE7}"
EndProject
Project("{9A19103F-16F7-4668-BE54-9A1E7A4F7556}") = "ByteBuffer.Tests", "..\tests\ByteBuffer.Tests.csproj", "{C9638DBD-139C-4AA4-A352-7D8E2E297EC0}"
EndProject
Global
	GlobalSection(SolutionConfigurationPlatforms) = preSolution
		Debug|Any CPU = Debug|Any CPU
		Release|Any CPU = Release|Any CPU
	EndGlobalSection
	GlobalSection(ProjectConfigurationPlatforms) = postSolution
		{B224F635-3354-489C-A1F7-A11FA49C9FE7}.Debug|Any CPU.ActiveCfg = Debug|Any CPU
		{B224F635-3354-489C-A1F7-A11FA49C9FE7}.Debug|Any CPU.Build.0 = Debug|Any CPU
		{B224F635-3354-489C-A1F7-A11FA49C9FE7}.Release|Any CPU.ActiveCfg = Release|Any CPU
		{B224F635-3354-489C-A1F7-A11FA49C9FE7}.Release|Any CPU.Build.0 = Release|Any CPU
		{C9638DBD-139C-4AA4-A352-7D8E2E297EC0}.Debug|Any CPU.ActiveCfg = Debug|Any CPU
		{C9638DBD-139C-4AA4-A352-7D8E2E297EC0}.Debug|Any CPU.Build.0 = Debug|Any CPU
		{C9638DBD-139C-4AA4-A352-7D8E2E297EC0}.Release|Any CPU.ActiveCfg = Release|Any CPU
		{C9638DBD-139C-4AA4-A352-7D8E2E297EC0}.Release|Any CPU.Build.0 = Release|Any CPU
	EndGlobalSection
	GlobalSection(SolutionProperties) = preSolution
		HideSolutionNode = FALSE
	EndGlobalSection
	GlobalSection(ExtensibilityGlobals) = postSolution
		SolutionGuid = {DA31B9ED-50FF-4124-8E51-BBE6E9FA8B37}
	EndGlobalSection
EndGlobal
